
Microsoft Visual Studio Solution File, Format Version 12.00
# Visual Studio Version 16
VisualStudioVersion = 16.0.30413.136
MinimumVisualStudioVersion = 10.0.40219.1
Project("{FAE04EC0-301F-11D3-BF4B-00C04F79EFBC}") = "MovieLibrary", "MovieLibrary\MovieLibrary.csproj", "{6C35CE52-6BF4-444F-9C41-C6889D079658}"
EndProject
Global
	GlobalSection(SolutionConfigurationPlatforms) = preSolution
		Debug|Any CPU = Debug|Any CPU
		Release|Any CPU = Release|Any CPU
	EndGlobalSection
	GlobalSection(ProjectConfigurationPlatforms) = postSolution
		{6C35CE52-6BF4-444F-9C41-C6889D079658}.Debug|Any CPU.ActiveCfg = Debug|Any CPU
		{6C35CE52-6BF4-444F-9C41-C6889D079658}.Debug|Any CPU.Build.0 = Debug|Any CPU
		{6C35CE52-6BF4-444F-9C41-C6889D079658}.Release|Any CPU.ActiveCfg = Release|Any CPU
		{6C35CE52-6BF4-444F-9C41-C6889D079658}.Release|Any CPU.Build.0 = Release|Any CPU
	EndGlobalSection
	GlobalSection(SolutionProperties) = preSolution
		HideSolutionNode = FALSE
	EndGlobalSection
	GlobalSection(ExtensibilityGlobals) = postSolution
		SolutionGuid = {D283B0D4-4FD3-4305-8D1A-54EA7CFB0D38}
	EndGlobalSection
EndGlobal
